PODS:
  - Flutter (1.0.0)
  - flutter_email (0.0.1):
    - Flutter

DEPENDENCIES:
  - Flutter (from `Flutter`)
  - flutter_email (from `.symlinks/plugins/flutter_email/ios`)

EXTERNAL SOURCES:
  Flutter:
    :path: Flutter
  flutter_email:
    :path: ".symlinks/plugins/flutter_email/ios"

SPEC CHECKSUMS:
  Flutter: f04841e97a9d0b0a8025694d0796dd46242b2854
  flutter_email: 45a8eb766b88811674fd9125b61b73b9a77f8363

PODFILE CHECKSUM: cd44d7c02a832e7eb184d4024e95c88cfef24357

COCOAPODS: 1.12.1
