PODS:
  - CZCore (0.1.1)
  - Flutter (1.0.0)
  - flutter_email (0.0.1):
    - Flutter

DEPENDENCIES:
  - CZCore (= 0.1.1)
  - Flutter (from `Flutter`)
  - flutter_email (from `.symlinks/plugins/flutter_email/ios`)

SPEC REPOS:
  https://code.y5ops.com/mailbus-app/podspecs.git:
    - CZCore

EXTERNAL SOURCES:
  Flutter:
    :path: Flutter
  flutter_email:
    :path: ".symlinks/plugins/flutter_email/ios"

SPEC CHECKSUMS:
  CZCore: f49852d34b4a62e00b5765b903d409b21342af31
  Flutter: f04841e97a9d0b0a8025694d0796dd46242b2854
  flutter_email: d77c4cb5030a4b2887429690b57b9279de68f8a0

PODFILE CHECKSUM: 382e06752d0ff5de8d1584ecea32454a3c4caf6d

COCOAPODS: 1.12.1
